// !$*UTF8*$!
{
	archiveVersion = 1;
	classes = {
	};
	objectVersion = 46;
	objects = {

/* Begin PBXBuildFile section */
		EBE9EDEF1CAD58360059EF2D /* AppDelegate.swift in Sources */ = {isa = PBXBuildFile; fileRef = EBE9EDEE1CAD58360059EF2D /* AppDelegate.swift */; };
		EBE9EDF11CAD58360059EF2D /* MasterViewController.swift in Sources */ = {isa = PBXBuildFile; fileRef = EBE9EDF01CAD58360059EF2D /* MasterViewController.swift */; };
		EBE9EDF31CAD58360059EF2D /* DetailViewController.swift in Sources */ = {isa = PBXBuildFile; fileRef = EBE9EDF21CAD58360059EF2D /* DetailViewController.swift */; };
		EBE9EDF61CAD58360059EF2D /* Main.storyboard in Resources */ = {isa = PBXBuildFile; fileRef = EBE9EDF41CAD58360059EF2D /* Main.storyboard */; };
		EBE9EDF81CAD58360059EF2D /* Assets.xcassets in Resources */ = {isa = PBXBuildFile; fileRef = EBE9EDF71CAD58360059EF2D /* Assets.xcassets */; };
		EBE9EDFB1CAD58360059EF2D /* LaunchScreen.storyboard in Resources */ = {isa = PBXBuildFile; fileRef = EBE9EDF91CAD58360059EF2D /* LaunchScreen.storyboard */; };
/* End PBXBuildFile section */

/* Begin PBXFileReference section */
		EBE9EDEB1CAD58360059EF2D /* MyTailorIsRich.app */ = {isa = PBXFileReference; explicitFileType = wrapper.application; includeInIndex = 0; path = MyTailorIsRich.app; sourceTree = BUILT_PRODUCTS_DIR; };
		EBE9EDEE1CAD58360059EF2D /* AppDelegate.swift */ = {isa = PBXFileReference; lastKnownFileType = sourcecode.swift; path = AppDelegate.swift; sourceTree = "<group>"; };
		EBE9EDF01CAD58360059EF2D /* MasterViewController.swift */ = {isa = PBXFileReference; lastKnownFileType = sourcecode.swift; path = MasterViewController.swift; sourceTree = "<group>"; };
		EBE9EDF21CAD58360059EF2D /* DetailViewController.swift */ = {isa = PBXFileReference; lastKnownFileType = sourcecode.swift; path = DetailViewController.swift; sourceTree = "<group>"; };
		EBE9EDF51CAD58360059EF2D /* Base */ = {isa = PBXFileReference; lastKnownFileType = file.storyboard; name = Base; path = Base.lproj/Main.storyboard; sourceTree = "<group>"; };
		EBE9EDF71CAD58360059EF2D /* Assets.xcassets */ = {isa = PBXFileReference; lastKnownFileType = folder.assetcatalog; path = Assets.xcassets; sourceTree = "<group>"; };
		EBE9EDFA1CAD58360059EF2D /* Base */ = {isa = PBXFileReference; lastKnownFileType = file.storyboard; name = Base; path = Base.lproj/LaunchScreen.storyboard; sourceTree = "<group>"; };
		EBE9EDFC1CAD58360059EF2D /* Info.plist */ = {isa = PBXFileReference; lastKnownFileType = text.plist.xml; path = Info.plist; sourceTree = "<group>"; };
/* End PBXFileReference section */

/* Begin PBXFrameworksBuildPhase section */
		EBE9EDE81CAD58360059EF2D /* Frameworks */ = {
			isa = PBXFrameworksBuildPhase;
			buildActionMask = 2147483647;
			files = (
			);
			runOnlyForDeploymentPostprocessing = 0;
		};
/* End PBXFrameworksBuildPhase section */

/* Begin PBXGroup section */
		EBE9EDE21CAD58360059EF2D = {
			isa = PBXGroup;
			children = (
				EBE9EDED1CAD58360059EF2D /* MyTailorIsRich */,
				EBE9EDEC1CAD58360059EF2D /* Products */,
			);
			sourceTree = "<group>";
		};
		EBE9EDEC1CAD58360059EF2D /* Products */ = {
			isa = PBXGroup;
			children = (
				EBE9EDEB1CAD58360059EF2D /* MyTailorIsRich.app */,
			);
			name = Products;
			sourceTree = "<group>";
		};
		EBE9EDED1CAD58360059EF2D /* MyTailorIsRich */ = {
			isa = PBXGroup;
			children = (
				EBE9EDEE1CAD58360059EF2D /* AppDelegate.swift */,
				EBE9EDF01CAD58360059EF2D /* MasterViewController.swift */,
				EBE9EDF21CAD58360059EF2D /* DetailViewController.swift */,
				EBE9EDF41CAD58360059EF2D /* Main.storyboard */,
				EBE9EDF71CAD58360059EF2D /* Assets.xcassets */,
				EBE9EDF91CAD58360059EF2D /* LaunchScreen.storyboard */,
				EBE9EDFC1CAD58360059EF2D /* Info.plist */,
			);
			path = MyTailorIsRich;
			sourceTree = "<group>";
		};
/* End PBXGroup section */

/* Begin PBXNativeTarget section */
		EBE9EDEA1CAD58360059EF2D /* MyTailorIsRich */ = {
			isa = PBXNativeTarget;
			buildConfigurationList = EBE9EDFF1CAD58360059EF2D /* Build configuration list for PBXNativeTarget "MyTailorIsRich" */;
			buildPhases = (
				EBE9EDE71CAD58360059EF2D /* Sources */,
				EBE9EDE81CAD58360059EF2D /* Frameworks */,
				EBE9EDE91CAD58360059EF2D /* Resources */,
			);
			buildRules = (
			);
			dependencies = (
			);
			name = MyTailorIsRich;
			productName = MyTailorIsRich;
			productReference = EBE9EDEB1CAD58360059EF2D /* MyTailorIsRich.app */;
			productType = "com.apple.product-type.application";
		};
/* End PBXNativeTarget section */

/* Begin PBXProject section */
		EBE9EDE31CAD58360059EF2D /* Project object */ = {
			isa = PBXProject;
			attributes = {
				LastSwiftUpdateCheck = 0730;
				LastUpgradeCheck = 0730;
				ORGANIZATIONNAME = Backelite;
				TargetAttributes = {
					EBE9EDEA1CAD58360059EF2D = {
						CreatedOnToolsVersion = 7.3;
					};
				};
			};
			buildConfigurationList = EBE9EDE61CAD58360059EF2D /* Build configuration list for PBXProject "MyTailorIsRich" */;
			compatibilityVersion = "Xcode 3.2";
			developmentRegion = English;
			hasScannedForEncodings = 0;
			knownRegions = (
				en,
				Base,
			);
			mainGroup = EBE9EDE21CAD58360059EF2D;
			productRefGroup = EBE9EDEC1CAD58360059EF2D /* Products */;
			projectDirPath = "";
			projectRoot = "";
			targets = (
				EBE9EDEA1CAD58360059EF2D /* MyTailorIsRich */,
			);
		};
/* End PBXProject section */

/* Begin PBXResourcesBuildPhase section */
		EBE9EDE91CAD58360059EF2D /* Resources */ = {
			isa = PBXResourcesBuildPhase;
			buildActionMask = 2147483647;
			files = (
				EBE9EDFB1CAD58360059EF2D /* LaunchScreen.storyboard in Resources */,
				EBE9EDF81CAD58360059EF2D /* Assets.xcassets in Resources */,
				EBE9EDF61CAD58360059EF2D /* Main.storyboard in Resources */,
			);
			runOnlyForDeploymentPostprocessing = 0;
		};
/* End PBXResourcesBuildPhase section */

/* Begin PBXSourcesBuildPhase section */
		EBE9EDE71CAD58360059EF2D /* Sources */ = {
			isa = PBXSourcesBuildPhase;
			buildActionMask = 2147483647;
			files = (
				EBE9EDF31CAD58360059EF2D /* DetailViewController.swift in Sources */,
				EBE9EDF11CAD58360059EF2D /* MasterViewController.swift in Sources */,
				EBE9EDEF1CAD58360059EF2D /* AppDelegate.swift in Sources */,
			);
			runOnlyForDeploymentPostprocessing = 0;
		};
/* End PBXSourcesBuildPhase section */

/* Begin PBXVariantGroup section */
		EBE9EDF41CAD58360059EF2D /* Main.storyboard */ = {
			isa = PBXVariantGroup;
			children = (
				EBE9EDF51CAD58360059EF2D /* Base */,
			);
			name = Main.storyboard;
			sourceTree = "<group>";
		};
		EBE9EDF91CAD58360059EF2D /* LaunchScreen.storyboard */ = {
			isa = PBXVariantGroup;
			children = (
				EBE9EDFA1CAD58360059EF2D /* Base */,
			);
			name = LaunchScreen.storyboard;
			sourceTree = "<group>";
		};
/* End PBXVariantGroup section */

/* Begin XCBuildConfiguration section */
		EBE9EDFD1CAD58360059EF2D /* Debug */ = {
			isa = XCBuildConfiguration;
			buildSettings = {
				ALWAYS_SEARCH_USER_PATHS = NO;
				CLANG_ANALYZER_NONNULL = YES;
				CLANG_CXX_LANGUAGE_STANDARD = "gnu++0x";
				CLANG_CXX_LIBRARY = "libc++";
				CLANG_ENABLE_MODULES = YES;
				CLANG_ENABLE_OBJC_ARC = YES;
				CLANG_WARN_BOOL_CONVERSION = YES;
				CLANG_WARN_CONSTANT_CONVERSION = YES;
				CLANG_WARN_DIRECT_OBJC_ISA_USAGE = YES_ERROR;
				CLANG_WARN_EMPTY_BODY = YES;
				CLANG_WARN_ENUM_CONVERSION = YES;
				CLANG_WARN_INT_CONVERSION = YES;
				CLANG_WARN_OBJC_ROOT_CLASS = YES_ERROR;
				CLANG_WARN_UNREACHABLE_CODE = YES;
				CLANG_WARN__DUPLICATE_METHOD_MATCH = YES;
				"CODE_SIGN_IDENTITY[sdk=iphoneos*]" = "iPhone Developer";
				COPY_PHASE_STRIP = NO;
				DEBUG_INFORMATION_FORMAT = dwarf;
				ENABLE_STRICT_OBJC_MSGSEND = YES;
				ENABLE_TESTABILITY = YES;
				GCC_C_LANGUAGE_STANDARD = gnu99;
				GCC_DYNAMIC_NO_PIC = NO;
				GCC_NO_COMMON_BLOCKS = YES;
				GCC_OPTIMIZATION_LEVEL = 0;
				GCC_PREPROCESSOR_DEFINITIONS = (
					"DEBUG=1",
					"$(inherited)",
				);
				GCC_WARN_64_TO_32_BIT_CONVERSION = YES;
				GCC_WARN_ABOUT_RETURN_TYPE = YES_ERROR;
				GCC_WARN_UNDECLARED_SELECTOR = YES;
				GCC_WARN_UNINITIALIZED_AUTOS = YES_AGGRESSIVE;
				GCC_WARN_UNUSED_FUNCTION = YES;
				GCC_WARN_UNUSED_VARIABLE = YES;
				IPHONEOS_DEPLOYMENT_TARGET = 9.3;
				MTL_ENABLE_DEBUG_INFO = YES;
				ONLY_ACTIVE_ARCH = YES;
				SDKROOT = iphoneos;
				SWIFT_OPTIMIZATION_LEVEL = "-Onone";
			};
			name = Debug;
		};
		EBE9EDFE1CAD58360059EF2D /* Release */ = {
			isa = XCBuildConfiguration;
			buildSettings = {
				ALWAYS_SEARCH_USER_PATHS = NO;
				CLANG_ANALYZER_NONNULL = YES;
				CLANG_CXX_LANGUAGE_STANDARD = "gnu++0x";
				CLANG_CXX_LIBRARY = "libc++";
				CLANG_ENABLE_MODULES = YES;
				CLANG_ENABLE_OBJC_ARC = YES;
				CLANG_WARN_BOOL_CONVERSION = YES;
				CLANG_WARN_CONSTANT_CONVERSION = YES;
				CLANG_WARN_DIRECT_OBJC_ISA_USAGE = YES_ERROR;
				CLANG_WARN_EMPTY_BODY = YES;
				CLANG_WARN_ENUM_CONVERSION = YES;
				CLANG_WARN_INT_CONVERSION = YES;
				CLANG_WARN_OBJC_ROOT_CLASS = YES_ERROR;
				CLANG_WARN_UNREACHABLE_CODE = YES;
				CLANG_WARN__DUPLICATE_METHOD_MATCH = YES;
				"CODE_SIGN_IDENTITY[sdk=iphoneos*]" = "iPhone Developer";
				COPY_PHASE_STRIP = NO;
				DEBUG_INFORMATION_FORMAT = "dwarf-with-dsym";
				ENABLE_NS_ASSERTIONS = NO;
				ENABLE_STRICT_OBJC_MSGSEND = YES;
				GCC_C_LANGUAGE_STANDARD = gnu99;
				GCC_NO_COMMON_BLOCKS = YES;
				GCC_WARN_64_TO_32_BIT_CONVERSION = YES;
				GCC_WARN_ABOUT_RETURN_TYPE = YES_ERROR;
				GCC_WARN_UNDECLARED_SELECTOR = YES;
				GCC_WARN_UNINITIALIZED_AUTOS = YES_AGGRESSIVE;
				GCC_WARN_UNUSED_FUNCTION = YES;
				GCC_WARN_UNUSED_VARIABLE = YES;
				IPHONEOS_DEPLOYMENT_TARGET = 9.3;
				MTL_ENABLE_DEBUG_INFO = NO;
				SDKROOT = iphoneos;
				VALIDATE_PRODUCT = YES;
			};
			name = Release;
		};
		EBE9EE001CAD58360059EF2D /* Debug */ = {
			isa = XCBuildConfiguration;
			buildSettings = {
				ASSETCATALOG_COMPILER_APPICON_NAME = AppIcon;
				INFOPLIST_FILE = MyTailorIsRich/Info.plist;
				LD_RUNPATH_SEARCH_PATHS = "$(inherited) @executable_path/Frameworks";
				PRODUCT_BUNDLE_IDENTIFIER = com.backelite.MyTailorIsRich;
				PRODUCT_NAME = "$(TARGET_NAME)";
			};
			name = Debug;
		};
		EBE9EE011CAD58360059EF2D /* Release */ = {
			isa = XCBuildConfiguration;
			buildSettings = {
				ASSETCATALOG_COMPILER_APPICON_NAME = AppIcon;
				INFOPLIST_FILE = MyTailorIsRich/Info.plist;
				LD_RUNPATH_SEARCH_PATHS = "$(inherited) @executable_path/Frameworks";
				PRODUCT_BUNDLE_IDENTIFIER = com.backelite.MyTailorIsRich;
				PRODUCT_NAME = "$(TARGET_NAME)";
			};
			name = Release;
		};
/* End XCBuildConfiguration section */

/* Begin XCConfigurationList section */
		EBE9EDE61CAD58360059EF2D /* Build configuration list for PBXProject "MyTailorIsRich" */ = {
			isa = XCConfigurationList;
			buildConfigurations = (
				EBE9EDFD1CAD58360059EF2D /* Debug */,
				EBE9EDFE1CAD58360059EF2D /* Release */,
			);
			defaultConfigurationIsVisible = 0;
			defaultConfigurationName = Release;
		};
		EBE9EDFF1CAD58360059EF2D /* Build configuration list for PBXNativeTarget "MyTailorIsRich" */ = {
			isa = XCConfigurationList;
			buildConfigurations = (
				EBE9EE001CAD58360059EF2D /* Debug */,
				EBE9EE011CAD58360059EF2D /* Release */,
			);
			defaultConfigurationIsVisible = 0;
		};
/* End XCConfigurationList section */
	};
	rootObject = EBE9EDE31CAD58360059EF2D /* Project object */;
}
